// !$*UTF8*$!
{
	archiveVersion = 1;
	classes = {
	};
	objectVersion = 46;
	objects = {

/* Begin PBXBuildFile section */
		AB02BC201C331F430073DAAF /* Playback.swift in Sources */ = {isa = PBXBuildFile; fileRef = AB02BC1F1C331F430073DAAF /* Playback.swift */; };
		ABAF3A5D1C290F250055249B /* AppDelegate.swift in Sources */ = {isa = PBXBuildFile; fileRef = ABAF3A5C1C290F250055249B /* AppDelegate.swift */; };
		ABAF3A5F1C290F250055249B /* RecordSoundsViewController.swift in Sources */ = {isa = PBXBuildFile; fileRef = ABAF3A5E1C290F250055249B /* RecordSoundsViewController.swift */; };
		ABAF3A621C290F250055249B /* Main.storyboard in Resources */ = {isa = PBXBuildFile; fileRef = ABAF3A601C290F250055249B /* Main.storyboard */; };
		ABAF3A641C290F250055249B /* Assets.xcassets in Resources */ = {isa = PBXBuildFile; fileRef = ABAF3A631C290F250055249B /* Assets.xcassets */; };
		ABAF3A671C290F250055249B /* LaunchScreen.storyboard in Resources */ = {isa = PBXBuildFile; fileRef = ABAF3A651C290F250055249B /* LaunchScreen.storyboard */; };
		ABD7BECD1C29A36400F9446E /* PlaySoundsViewController.swift in Sources */ = {isa = PBXBuildFile; fileRef = ABD7BECC1C29A36400F9446E /* PlaySoundsViewController.swift */; };
		ABD7BED11C2A353700F9446E /* RecordedAudio.swift in Sources */ = {isa = PBXBuildFile; fileRef = ABD7BED01C2A353700F9446E /* RecordedAudio.swift */; };
/* End PBXBuildFile section */

/* Begin PBXFileReference section */
		AB02BC1F1C331F430073DAAF /* Playback.swift */ = {isa = PBXFileReference; fileEncoding = 4; lastKnownFileType = sourcecode.swift; path = Playback.swift; sourceTree = "<group>"; };
		ABAF3A591C290F250055249B /* Pitch Perfect.app */ = {isa = PBXFileReference; explicitFileType = wrapper.application; includeInIndex = 0; path = "Pitch Perfect.app"; sourceTree = BUILT_PRODUCTS_DIR; };
		ABAF3A5C1C290F250055249B /* AppDelegate.swift */ = {isa = PBXFileReference; lastKnownFileType = sourcecode.swift; path = AppDelegate.swift; sourceTree = "<group>"; };
		ABAF3A5E1C290F250055249B /* RecordSoundsViewController.swift */ = {isa = PBXFileReference; lastKnownFileType = sourcecode.swift; path = RecordSoundsViewController.swift; sourceTree = "<group>"; };
		ABAF3A611C290F250055249B /* Base */ = {isa = PBXFileReference; lastKnownFileType = file.storyboard; name = Base; path = Base.lproj/Main.storyboard; sourceTree = "<group>"; };
		ABAF3A631C290F250055249B /* Assets.xcassets */ = {isa = PBXFileReference; lastKnownFileType = folder.assetcatalog; path = Assets.xcassets; sourceTree = "<group>"; };
		ABAF3A661C290F250055249B /* Base */ = {isa = PBXFileReference; lastKnownFileType = file.storyboard; name = Base; path = Base.lproj/LaunchScreen.storyboard; sourceTree = "<group>"; };
		ABAF3A681C290F250055249B /* Info.plist */ = {isa = PBXFileReference; lastKnownFileType = text.plist.xml; path = Info.plist; sourceTree = "<group>"; };
		ABD7BECC1C29A36400F9446E /* PlaySoundsViewController.swift */ = {isa = PBXFileReference; fileEncoding = 4; lastKnownFileType = sourcecode.swift; path = PlaySoundsViewController.swift; sourceTree = "<group>"; };
		ABD7BED01C2A353700F9446E /* RecordedAudio.swift */ = {isa = PBXFileReference; fileEncoding = 4; lastKnownFileType = sourcecode.swift; path = RecordedAudio.swift; sourceTree = "<group>"; };
/* End PBXFileReference section */

/* Begin PBXFrameworksBuildPhase section */
		ABAF3A561C290F250055249B /* Frameworks */ = {
			isa = PBXFrameworksBuildPhase;
			buildActionMask = 2147483647;
			files = (
			);
			runOnlyForDeploymentPostprocessing = 0;
		};
/* End PBXFrameworksBuildPhase section */

/* Begin PBXGroup section */
		ABAF3A501C290F250055249B = {
			isa = PBXGroup;
			children = (
				ABAF3A5B1C290F250055249B /* Pitch Perfect */,
				ABAF3A5A1C290F250055249B /* Products */,
			);
			sourceTree = "<group>";
		};
		ABAF3A5A1C290F250055249B /* Products */ = {
			isa = PBXGroup;
			children = (
				ABAF3A591C290F250055249B /* Pitch Perfect.app */,
			);
			name = Products;
			sourceTree = "<group>";
		};
		ABAF3A5B1C290F250055249B /* Pitch Perfect */ = {
			isa = PBXGroup;
			children = (
				ABAF3A5C1C290F250055249B /* AppDelegate.swift */,
				ABAF3A5E1C290F250055249B /* RecordSoundsViewController.swift */,
				ABD7BECC1C29A36400F9446E /* PlaySoundsViewController.swift */,
				ABD7BED01C2A353700F9446E /* RecordedAudio.swift */,
				AB02BC1F1C331F430073DAAF /* Playback.swift */,
				ABAF3A601C290F250055249B /* Main.storyboard */,
				ABAF3A631C290F250055249B /* Assets.xcassets */,
				ABAF3A651C290F250055249B /* LaunchScreen.storyboard */,
				ABAF3A681C290F250055249B /* Info.plist */,
			);
			path = "Pitch Perfect";
			sourceTree = "<group>";
		};
/* End PBXGroup section */

/* Begin PBXNativeTarget section */
		ABAF3A581C290F250055249B /* Pitch Perfect */ = {
			isa = PBXNativeTarget;
			buildConfigurationList = ABAF3A6B1C290F250055249B /* Build configuration list for PBXNativeTarget "Pitch Perfect" */;
			buildPhases = (
				ABAF3A551C290F250055249B /* Sources */,
				ABAF3A561C290F250055249B /* Frameworks */,
				ABAF3A571C290F250055249B /* Resources */,
			);
			buildRules = (
			);
			dependencies = (
			);
			name = "Pitch Perfect";
			productName = "Pitch Perfect";
			productReference = ABAF3A591C290F250055249B /* Pitch Perfect.app */;
			productType = "com.apple.product-type.application";
		};
/* End PBXNativeTarget section */

/* Begin PBXProject section */
		ABAF3A511C290F250055249B /* Project object */ = {
			isa = PBXProject;
			attributes = {
				LastUpgradeCheck = 0810;
				ORGANIZATIONNAME = "Richard Reed";
				TargetAttributes = {
					ABAF3A581C290F250055249B = {
						CreatedOnToolsVersion = 7.1;
						DevelopmentTeam = T94AAQV2Z8;
						LastSwiftMigration = 0810;
					};
				};
			};
			buildConfigurationList = ABAF3A541C290F250055249B /* Build configuration list for PBXProject "Pitch Perfect" */;
			compatibilityVersion = "Xcode 3.2";
			developmentRegion = English;
			hasScannedForEncodings = 0;
			knownRegions = (
				en,
				Base,
			);
			mainGroup = ABAF3A501C290F250055249B;
			productRefGroup = ABAF3A5A1C290F250055249B /* Products */;
			projectDirPath = "";
			projectRoot = "";
			targets = (
				ABAF3A581C290F250055249B /* Pitch Perfect */,
			);
		};
/* End PBXProject section */

/* Begin PBXResourcesBuildPhase section */
		ABAF3A571C290F250055249B /* Resources */ = {
			isa = PBXResourcesBuildPhase;
			buildActionMask = 2147483647;
			files = (
				ABAF3A671C290F250055249B /* LaunchScreen.storyboard in Resources */,
				ABAF3A641C290F250055249B /* Assets.xcassets in Resources */,
				ABAF3A621C290F250055249B /* Main.storyboard in Resources */,
			);
			runOnlyForDeploymentPostprocessing = 0;
		};
/* End PBXResourcesBuildPhase section */

/* Begin PBXSourcesBuildPhase section */
		ABAF3A551C290F250055249B /* Sources */ = {
			isa = PBXSourcesBuildPhase;
			buildActionMask = 2147483647;
			files = (
				AB02BC201C331F430073DAAF /* Playback.swift in Sources */,
				ABD7BED11C2A353700F9446E /* RecordedAudio.swift in Sources */,
				ABAF3A5F1C290F250055249B /* RecordSoundsViewController.swift in Sources */,
				ABD7BECD1C29A36400F9446E /* PlaySoundsViewController.swift in Sources */,
				ABAF3A5D1C290F250055249B /* AppDelegate.swift in Sources */,
			);
			runOnlyForDeploymentPostprocessing = 0;
		};
/* End PBXSourcesBuildPhase section */

/* Begin PBXVariantGroup section */
		ABAF3A601C290F250055249B /* Main.storyboard */ = {
			isa = PBXVariantGroup;
			children = (
				ABAF3A611C290F250055249B /* Base */,
			);
			name = Main.storyboard;
			sourceTree = "<group>";
		};
		ABAF3A651C290F250055249B /* LaunchScreen.storyboard */ = {
			isa = PBXVariantGroup;
			children = (
				ABAF3A661C290F250055249B /* Base */,
			);
			name = LaunchScreen.storyboard;
			sourceTree = "<group>";
		};
/* End PBXVariantGroup section */

/* Begin XCBuildConfiguration section */
		ABAF3A691C290F250055249B /* Debug */ = {
			isa = XCBuildConfiguration;
			buildSettings = {
				ALWAYS_SEARCH_USER_PATHS = NO;
				CLANG_CXX_LANGUAGE_STANDARD = "gnu++0x";
				CLANG_CXX_LIBRARY = "libc++";
				CLANG_ENABLE_MODULES = YES;
				CLANG_ENABLE_OBJC_ARC = YES;
				CLANG_WARN_BOOL_CONVERSION = YES;
				CLANG_WARN_CONSTANT_CONVERSION = YES;
				CLANG_WARN_DIRECT_OBJC_ISA_USAGE = YES_ERROR;
				CLANG_WARN_EMPTY_BODY = YES;
				CLANG_WARN_ENUM_CONVERSION = YES;
				CLANG_WARN_INFINITE_RECURSION = YES;
				CLANG_WARN_INT_CONVERSION = YES;
				CLANG_WARN_OBJC_ROOT_CLASS = YES_ERROR;
				CLANG_WARN_SUSPICIOUS_MOVE = YES;
				CLANG_WARN_UNREACHABLE_CODE = YES;
				CLANG_WARN__DUPLICATE_METHOD_MATCH = YES;
				"CODE_SIGN_IDENTITY[sdk=iphoneos*]" = "iPhone Developer";
				COPY_PHASE_STRIP = NO;
				DEBUG_INFORMATION_FORMAT = dwarf;
				ENABLE_STRICT_OBJC_MSGSEND = YES;
				ENABLE_TESTABILITY = YES;
				GCC_C_LANGUAGE_STANDARD = gnu99;
				GCC_DYNAMIC_NO_PIC = NO;
				GCC_NO_COMMON_BLOCKS = YES;
				GCC_OPTIMIZATION_LEVEL = 0;
				GCC_PREPROCESSOR_DEFINITIONS = (
					"DEBUG=1",
					"$(inherited)",
				);
				GCC_WARN_64_TO_32_BIT_CONVERSION = YES;
				GCC_WARN_ABOUT_RETURN_TYPE = YES_ERROR;
				GCC_WARN_UNDECLARED_SELECTOR = YES;
				GCC_WARN_UNINITIALIZED_AUTOS = YES_AGGRESSIVE;
				GCC_WARN_UNUSED_FUNCTION = YES;
				GCC_WARN_UNUSED_VARIABLE = YES;
				IPHONEOS_DEPLOYMENT_TARGET = 9.1;
				MTL_ENABLE_DEBUG_INFO = YES;
				ONLY_ACTIVE_ARCH = YES;
				SDKROOT = iphoneos;
				SWIFT_OPTIMIZATION_LEVEL = "-Onone";
			};
			name = Debug;
		};
		ABAF3A6A1C290F250055249B /* Release */ = {
			isa = XCBuildConfiguration;
			buildSettings = {
				ALWAYS_SEARCH_USER_PATHS = NO;
				CLANG_CXX_LANGUAGE_STANDARD = "gnu++0x";
				CLANG_CXX_LIBRARY = "libc++";
				CLANG_ENABLE_MODULES = YES;
				CLANG_ENABLE_OBJC_ARC = YES;
				CLANG_WARN_BOOL_CONVERSION = YES;
				CLANG_WARN_CONSTANT_CONVERSION = YES;
				CLANG_WARN_DIRECT_OBJC_ISA_USAGE = YES_ERROR;
				CLANG_WARN_EMPTY_BODY = YES;
				CLANG_WARN_ENUM_CONVERSION = YES;
				CLANG_WARN_INFINITE_RECURSION = YES;
				CLANG_WARN_INT_CONVERSION = YES;
				CLANG_WARN_OBJC_ROOT_CLASS = YES_ERROR;
				CLANG_WARN_SUSPICIOUS_MOVE = YES;
				CLANG_WARN_UNREACHABLE_CODE = YES;
				CLANG_WARN__DUPLICATE_METHOD_MATCH = YES;
				"CODE_SIGN_IDENTITY[sdk=iphoneos*]" = "iPhone Developer";
				COPY_PHASE_STRIP = NO;
				DEBUG_INFORMATION_FORMAT = "dwarf-with-dsym";
				ENABLE_NS_ASSERTIONS = NO;
				ENABLE_STRICT_OBJC_MSGSEND = YES;
				GCC_C_LANGUAGE_STANDARD = gnu99;
				GCC_NO_COMMON_BLOCKS = YES;
				GCC_WARN_64_TO_32_BIT_CONVERSION = YES;
				GCC_WARN_ABOUT_RETURN_TYPE = YES_ERROR;
				GCC_WARN_UNDECLARED_SELECTOR = YES;
				GCC_WARN_UNINITIALIZED_AUTOS = YES_AGGRESSIVE;
				GCC_WARN_UNUSED_FUNCTION = YES;
				GCC_WARN_UNUSED_VARIABLE = YES;
				IPHONEOS_DEPLOYMENT_TARGET = 9.1;
				MTL_ENABLE_DEBUG_INFO = NO;
				SDKROOT = iphoneos;
				SWIFT_OPTIMIZATION_LEVEL = "-Owholemodule";
				VALIDATE_PRODUCT = YES;
			};
			name = Release;
		};
		ABAF3A6C1C290F250055249B /* Debug */ = {
			isa = XCBuildConfiguration;
			buildSettings = {
				ASSETCATALOG_COMPILER_APPICON_NAME = AppIcon;
				CODE_SIGN_IDENTITY = "iPhone Developer";
				"CODE_SIGN_IDENTITY[sdk=iphoneos*]" = "iPhone Developer";
				INFOPLIST_FILE = "Pitch Perfect/Info.plist";
				IPHONEOS_DEPLOYMENT_TARGET = 9.1;
				LD_RUNPATH_SEARCH_PATHS = "$(inherited) @executable_path/Frameworks";
				PRODUCT_BUNDLE_IDENTIFIER = "com.richardreed.Pitch-Perfect";
				PRODUCT_NAME = "$(TARGET_NAME)";
				PROVISIONING_PROFILE = "";
				SWIFT_VERSION = 3.0;
			};
			name = Debug;
		};
		ABAF3A6D1C290F250055249B /* Release */ = {
			isa = XCBuildConfiguration;
			buildSettings = {
				ASSETCATALOG_COMPILER_APPICON_NAME = AppIcon;
				CODE_SIGN_IDENTITY = "iPhone Developer";
				"CODE_SIGN_IDENTITY[sdk=iphoneos*]" = "iPhone Developer";
				INFOPLIST_FILE = "Pitch Perfect/Info.plist";
				IPHONEOS_DEPLOYMENT_TARGET = 9.1;
				LD_RUNPATH_SEARCH_PATHS = "$(inherited) @executable_path/Frameworks";
				PRODUCT_BUNDLE_IDENTIFIER = "com.richardreed.Pitch-Perfect";
				PRODUCT_NAME = "$(TARGET_NAME)";
				PROVISIONING_PROFILE = "";
				SWIFT_VERSION = 3.0;
			};
			name = Release;
		};
/* End XCBuildConfiguration section */

/* Begin XCConfigurationList section */
		ABAF3A541C290F250055249B /* Build configuration list for PBXProject "Pitch Perfect" */ = {
			isa = XCConfigurationList;
			buildConfigurations = (
				ABAF3A691C290F250055249B /* Debug */,
				ABAF3A6A1C290F250055249B /* Release */,
			);
			defaultConfigurationIsVisible = 0;
			defaultConfigurationName = Release;
		};
		ABAF3A6B1C290F250055249B /* Build configuration list for PBXNativeTarget "Pitch Perfect" */ = {
			isa = XCConfigurationList;
			buildConfigurations = (
				ABAF3A6C1C290F250055249B /* Debug */,
				ABAF3A6D1C290F250055249B /* Release */,
			);
			defaultConfigurationIsVisible = 0;
			defaultConfigurationName = Release;
		};
/* End XCConfigurationList section */
	};
	rootObject = ABAF3A511C290F250055249B /* Project object */;
}
